
Microsoft Visual Studio Solution File, Format Version 12.00
# Visual Studio Version 16
VisualStudioVersion = 16.0.31112.23
MinimumVisualStudioVersion = 10.0.40219.1
Project("{9A19103F-16F7-4668-BE54-9A1E7A4F7556}") = "Domain", "Domain\Domain.csproj", "{450BA7D0-46D6-4F4B-813D-D92A324849C2}"
EndProject
Project("{9A19103F-16F7-4668-BE54-9A1E7A4F7556}") = "Dal", "Dal\Dal.csproj", "{7A041E4E-20C8-421C-AB8C-70884046A09A}"
EndProject
Project("{9A19103F-16F7-4668-BE54-9A1E7A4F7556}") = "Bl", "Bl\Bl.csproj", "{CBE84E3A-1A2B-4D25-88E9-A72876A4D1B7}"
EndProject
Project("{FAE04EC0-301F-11D3-BF4B-00C04F79EFBC}") = "Api", "Api\Api.csproj", "{43ACDE01-431A-432C-A629-3763530F61C1}"
EndProject
Project("{FAE04EC0-301F-11D3-BF4B-00C04F79EFBC}") = "UT", "UT\UT.csproj", "{C3710B71-3F59-4760-A18F-991F6B972CBA}"
EndProject
Global
	GlobalSection(SolutionConfigurationPlatforms) = preSolution
		Debug|Any CPU = Debug|Any CPU
		Release|Any CPU = Release|Any CPU
	EndGlobalSection
	GlobalSection(ProjectConfigurationPlatforms) = postSolution
		{450BA7D0-46D6-4F4B-813D-D92A324849C2}.Debug|Any CPU.ActiveCfg = Debug|Any CPU
		{450BA7D0-46D6-4F4B-813D-D92A324849C2}.Debug|Any CPU.Build.0 = Debug|Any CPU
		{450BA7D0-46D6-4F4B-813D-D92A324849C2}.Release|Any CPU.ActiveCfg = Release|Any CPU
		{450BA7D0-46D6-4F4B-813D-D92A324849C2}.Release|Any CPU.Build.0 = Release|Any CPU
		{7A041E4E-20C8-421C-AB8C-70884046A09A}.Debug|Any CPU.ActiveCfg = Debug|Any CPU
		{7A041E4E-20C8-421C-AB8C-70884046A09A}.Debug|Any CPU.Build.0 = Debug|Any CPU
		{7A041E4E-20C8-421C-AB8C-70884046A09A}.Release|Any CPU.ActiveCfg = Release|Any CPU
		{7A041E4E-20C8-421C-AB8C-70884046A09A}.Release|Any CPU.Build.0 = Release|Any CPU
		{CBE84E3A-1A2B-4D25-88E9-A72876A4D1B7}.Debug|Any CPU.ActiveCfg = Debug|Any CPU
		{CBE84E3A-1A2B-4D25-88E9-A72876A4D1B7}.Debug|Any CPU.Build.0 = Debug|Any CPU
		{CBE84E3A-1A2B-4D25-88E9-A72876A4D1B7}.Release|Any CPU.ActiveCfg = Release|Any CPU
		{CBE84E3A-1A2B-4D25-88E9-A72876A4D1B7}.Release|Any CPU.Build.0 = Release|Any CPU
		{43ACDE01-431A-432C-A629-3763530F61C1}.Debug|Any CPU.ActiveCfg = Debug|Any CPU
		{43ACDE01-431A-432C-A629-3763530F61C1}.Debug|Any CPU.Build.0 = Debug|Any CPU
		{43ACDE01-431A-432C-A629-3763530F61C1}.Release|Any CPU.ActiveCfg = Release|Any CPU
		{43ACDE01-431A-432C-A629-3763530F61C1}.Release|Any CPU.Build.0 = Release|Any CPU
		{C3710B71-3F59-4760-A18F-991F6B972CBA}.Debug|Any CPU.ActiveCfg = Debug|Any CPU
		{C3710B71-3F59-4760-A18F-991F6B972CBA}.Debug|Any CPU.Build.0 = Debug|Any CPU
		{C3710B71-3F59-4760-A18F-991F6B972CBA}.Release|Any CPU.ActiveCfg = Release|Any CPU
		{C3710B71-3F59-4760-A18F-991F6B972CBA}.Release|Any CPU.Build.0 = Release|Any CPU
	EndGlobalSection
	GlobalSection(SolutionProperties) = preSolution
		HideSolutionNode = FALSE
	EndGlobalSection
	GlobalSection(ExtensibilityGlobals) = postSolution
		SolutionGuid = {7FD425B7-4EA5-4E9D-B2A6-12A2C3EB033B}
	EndGlobalSection
EndGlobal
